
Microsoft Visual Studio Solution File, Format Version 12.00
# Visual Studio Version 17
VisualStudioVersion = 17.11.35327.3
MinimumVisualStudioVersion = 10.0.40219.1
Project("{2150E333-8FDC-42A3-9474-1A3956D46DE8}") = "Api", "Api", "{03679720-5509-4747-BF35-324936EBC717}"
EndProject
Project("{2150E333-8FDC-42A3-9474-1A3956D46DE8}") = "Common", "Common", "{E06AE18D-3DBD-4B3B-A7B6-F4A3B451C8AD}"
EndProject
Project("{2150E333-8FDC-42A3-9474-1A3956D46DE8}") = "Modules", "Modules", "{61BD4FAA-395B-4F26-8FB0-4EBFF6F34B87}"
EndProject
Project("{2150E333-8FDC-42A3-9474-1A3956D46DE8}") = "UserPool", "UserPool", "{5FE136D0-8BA8-4D5B-95CF-9197C05C8A0A}"
EndProject
Project("{2150E333-8FDC-42A3-9474-1A3956D46DE8}") = "ClaimPool", "ClaimPool", "{77036B9C-5911-49EF-9D35-C1DA8D75DE2F}"
EndProject
Project("{2150E333-8FDC-42A3-9474-1A3956D46DE8}") = "MeterPool", "MeterPool", "{F8A56064-147D-41EE-8918-A386999F4C75}"
EndProject
Project("{2150E333-8FDC-42A3-9474-1A3956D46DE8}") = "CalculationPool", "CalculationPool", "{A6FD1319-D074-4DAF-9DDA-12CBC0603E9B}"
EndProject
Project("{2150E333-8FDC-42A3-9474-1A3956D46DE8}") = "LocationPool", "LocationPool", "{A0682AC3-0905-4A3C-BFE7-33699E67C5DA}"
EndProject
Project("{2150E333-8FDC-42A3-9474-1A3956D46DE8}") = "PaymentPool", "PaymentPool", "{8D90155D-D5B7-43C2-A151-7D466F5FF349}"
EndProject
Project("{2150E333-8FDC-42A3-9474-1A3956D46DE8}") = "TaxPool", "TaxPool", "{75A0ADB0-0AD5-4FC2-85DF-BEA2C5607361}"
EndProject
Project("{2150E333-8FDC-42A3-9474-1A3956D46DE8}") = "NotificationPool", "NotificationPool", "{C68AE836-622A-4B26-902B-542DAD3D6230}"
EndProject
Project("{2150E333-8FDC-42A3-9474-1A3956D46DE8}") = "ReportPool", "ReportPool", "{0665847D-107D-4661-A065-2F018D276688}"
EndProject
Project("{9A19103F-16F7-4668-BE54-9A1E7A4F7556}") = "Aban360.CalculationPool.Domain", "Aban360.CalculationPool.Domain\Aban360.CalculationPool.Domain.csproj", "{B5BD4775-699D-4318-9B54-0CFAF23AE89C}"
EndProject
Project("{9A19103F-16F7-4668-BE54-9A1E7A4F7556}") = "Aban360.CalculationPool.Persistence", "Aban360.CalculationPool.Persistence\Aban360.CalculationPool.Persistence.csproj", "{3689F252-323A-43B5-A60F-3EE68121EAAA}"
EndProject
Project("{9A19103F-16F7-4668-BE54-9A1E7A4F7556}") = "Aban360.CalculationPool.GatewayAdhoc", "Aban360.CalculationPool.GatewayAdhoc\Aban360.CalculationPool.GatewayAdhoc.csproj", "{0FC4BCC6-5B4F-4F1C-8EE6-E739BA53CA4D}"
EndProject
Project("{9A19103F-16F7-4668-BE54-9A1E7A4F7556}") = "Aban360.CalculationPool.Application", "Aban360.CalculationPool.Application\Aban360.CalculationPool.Application.csproj", "{D068EBFD-E7DA-496E-835F-75E5F66669E3}"
EndProject
Project("{9A19103F-16F7-4668-BE54-9A1E7A4F7556}") = "Aban360.ClaimPool.Domain", "Aban360.ClaimPool.Domain\Aban360.ClaimPool.Domain.csproj", "{EC1A9D28-55EA-4EF5-8A4D-67FCE97E99D0}"
EndProject
Project("{9A19103F-16F7-4668-BE54-9A1E7A4F7556}") = "Aban360.ClaimPool.Persistence", "Aban360.ClaimPool.Persistence\Aban360.ClaimPool.Persistence.csproj", "{8E54D799-F477-40F3-BABE-B08DA38FD2E0}"
EndProject
Project("{9A19103F-16F7-4668-BE54-9A1E7A4F7556}") = "Aban360.ClaimPool.Application", "Aban360.ClaimPool.Application\Aban360.ClaimPool.Application.csproj", "{F52DF922-0EFB-4FDB-B266-9B9C9D60CB2C}"
EndProject
Project("{9A19103F-16F7-4668-BE54-9A1E7A4F7556}") = "Aban360.ClaimPool.GatewayAdhoc", "Aban360.ClaimPool.GatewayAdhoc\Aban360.ClaimPool.GatewayAdhoc.csproj", "{4558E6E7-1F7A-4CFF-9509-D5EFAA045663}"
EndProject
Project("{2150E333-8FDC-42A3-9474-1A3956D46DE8}") = "Source", "Source", "{76556AED-843B-40CC-8032-60B5EC3B86DE}"
EndProject
Project("{2150E333-8FDC-42A3-9474-1A3956D46DE8}") = "Tests", "Tests", "{77F14E74-C2CB-40DD-88CF-1543A36EBD0F}"
EndProject
Project("{2150E333-8FDC-42A3-9474-1A3956D46DE8}") = "Source", "Source", "{0F7073D9-03CA-4CAB-B2A4-F937068E99B2}"
EndProject
Project("{2150E333-8FDC-42A3-9474-1A3956D46DE8}") = "Tests", "Tests", "{A450ABF6-3EE9-44E3-8FC0-8F424A890819}"
EndProject
Project("{9A19103F-16F7-4668-BE54-9A1E7A4F7556}") = "Aban360.LocationPool.Domain", "Aban360.LocationPool.Domain\Aban360.LocationPool.Domain.csproj", "{25859C65-F762-4386-9F99-139E150F1516}"
EndProject
Project("{9A19103F-16F7-4668-BE54-9A1E7A4F7556}") = "Aban360.LocationPool.Application", "Aban360.LocationPool.Application\Aban360.LocationPool.Application.csproj", "{7C8B8406-119B-48B8-AA00-F58B7175D44C}"
EndProject
Project("{9A19103F-16F7-4668-BE54-9A1E7A4F7556}") = "Aban360.LocationPool.Persistence", "Aban360.LocationPool.Persistence\Aban360.LocationPool.Persistence.csproj", "{83619CE5-9450-429C-B517-5C317FADFEA1}"
EndProject
Project("{9A19103F-16F7-4668-BE54-9A1E7A4F7556}") = "Aban360.LocationPool.GatewayAdhoc", "Aban360.LocationPool.GatewayAdhoc\Aban360.LocationPool.GatewayAdhoc.csproj", "{EE7197EE-2D87-41A0-BF9C-536587AB201C}"
EndProject
Project("{2150E333-8FDC-42A3-9474-1A3956D46DE8}") = "Source", "Source", "{E2844A2F-FDA5-47C1-B72A-462647B65894}"
EndProject
Project("{2150E333-8FDC-42A3-9474-1A3956D46DE8}") = "Tests", "Tests", "{95036DF4-0DA8-453C-856B-D0855F7DFB7F}"
EndProject
Project("{2150E333-8FDC-42A3-9474-1A3956D46DE8}") = "Source", "Source", "{D86944E2-F440-4EA6-8DAB-D5829ACFE42E}"
EndProject
Project("{2150E333-8FDC-42A3-9474-1A3956D46DE8}") = "Tests", "Tests", "{751B5339-8F35-4D43-B8CD-929EFD9B6D1F}"
EndProject
Project("{9A19103F-16F7-4668-BE54-9A1E7A4F7556}") = "Aban360.MeterPool.Domain", "Aban360.MeterPool.Domain\Aban360.MeterPool.Domain.csproj", "{41CDC921-3AE5-4E15-BDF1-CFC9E1EF208E}"
EndProject
Project("{9A19103F-16F7-4668-BE54-9A1E7A4F7556}") = "Aban360.MeterPool.Application", "Aban360.MeterPool.Application\Aban360.MeterPool.Application.csproj", "{0C2DD065-D174-4FB6-9D58-54200D966E6D}"
EndProject
Project("{9A19103F-16F7-4668-BE54-9A1E7A4F7556}") = "Aban360.MeterPool.GatewayAdhoc", "Aban360.MeterPool.GatewayAdhoc\Aban360.MeterPool.GatewayAdhoc.csproj", "{F5CA9E45-9126-4568-BA01-809CB75C72E9}"
EndProject
Project("{9A19103F-16F7-4668-BE54-9A1E7A4F7556}") = "Aban360.MeterPool.Persistence", "Aban360.MeterPool.Persistence\Aban360.MeterPool.Persistence.csproj", "{E560FB35-7BAE-4FF5-84CC-80ADA8C2E14B}"
EndProject
Project("{2150E333-8FDC-42A3-9474-1A3956D46DE8}") = "Source", "Source", "{AF8A8C01-B0DF-44B1-8CA9-E146C8245EF8}"
EndProject
Project("{2150E333-8FDC-42A3-9474-1A3956D46DE8}") = "Tests", "Tests", "{CB222D47-E8F6-4C36-B7DA-8398D668DFC2}"
EndProject
Project("{9A19103F-16F7-4668-BE54-9A1E7A4F7556}") = "Aban360.NotificationPool.Domain", "Aban360.NotificationPool.Domain\Aban360.NotificationPool.Domain.csproj", "{E53DC286-9A40-470F-8BA6-EA1716654174}"
EndProject
Project("{9A19103F-16F7-4668-BE54-9A1E7A4F7556}") = "Aban360.NotificationPool.Persistence", "Aban360.NotificationPool.Persistence\Aban360.NotificationPool.Persistence.csproj", "{6226E379-058B-4509-9A96-285A776EA998}"
EndProject
Project("{9A19103F-16F7-4668-BE54-9A1E7A4F7556}") = "Aban360.NotificationPool.Application", "Aban360.NotificationPool.Application\Aban360.NotificationPool.Application.csproj", "{AD998924-F6E4-47B6-B499-AD6997BD6EE8}"
EndProject
Project("{9A19103F-16F7-4668-BE54-9A1E7A4F7556}") = "Aban360.NotificationPool.GatwwayAdhoc", "Aban360.NotificationPool.GatwwayAdhoc\Aban360.NotificationPool.GatwwayAdhoc.csproj", "{CC4A4C3E-855E-4854-99EB-5608CBB153CA}"
EndProject
Project("{2150E333-8FDC-42A3-9474-1A3956D46DE8}") = "Source", "Source", "{40D9BE4D-CAB7-4BA9-8321-B6B4DC7C5E13}"
EndProject
Project("{2150E333-8FDC-42A3-9474-1A3956D46DE8}") = "Tests", "Tests", "{ECE66208-72B8-4E50-B0C9-F163DD8EB62B}"
EndProject
Project("{9A19103F-16F7-4668-BE54-9A1E7A4F7556}") = "Aban360.PaymentPool.Domain", "Aban360.PaymentPool.Domain\Aban360.PaymentPool.Domain.csproj", "{B33EEF1C-A743-4B09-91C7-11C7030B406E}"
EndProject
Project("{9A19103F-16F7-4668-BE54-9A1E7A4F7556}") = "Aban360.PaymentPool.Application", "Aban360.PaymentPool.Application\Aban360.PaymentPool.Application.csproj", "{C6E475ED-C507-459A-845D-870F295259CA}"
EndProject
Project("{9A19103F-16F7-4668-BE54-9A1E7A4F7556}") = "Aban360.PaymentPool.Persistence", "Aban360.PaymentPool.Persistence\Aban360.PaymentPool.Persistence.csproj", "{CB10796A-2D51-4E88-82C6-F222773DA1ED}"
EndProject
Project("{9A19103F-16F7-4668-BE54-9A1E7A4F7556}") = "Aban360.PaymentPool.Domain.GatewayAdhoc", "Aban360.PaymentPool.Domain.GatewayAdhoc\Aban360.PaymentPool.Domain.GatewayAdhoc.csproj", "{D42FBE9F-FF44-4A07-A6D6-FE32C0F3E2FB}"
EndProject
Project("{2150E333-8FDC-42A3-9474-1A3956D46DE8}") = "Source", "Source", "{7A69098B-0C9D-4D04-87BC-4A0231BB71EF}"
EndProject
Project("{2150E333-8FDC-42A3-9474-1A3956D46DE8}") = "Tests", "Tests", "{F4036726-616F-4482-A4D5-E66B8CBDF97A}"
EndProject
Project("{9A19103F-16F7-4668-BE54-9A1E7A4F7556}") = "Aban360.ReportPool.Domain", "Aban360.ReportPool.Domain\Aban360.ReportPool.Domain.csproj", "{F5654428-9E11-4CCE-9CE5-3CD5E7347DE3}"
EndProject
Project("{9A19103F-16F7-4668-BE54-9A1E7A4F7556}") = "Aban360.ReportPool.Application", "Aban360.ReportPool.Application\Aban360.ReportPool.Application.csproj", "{A102D4E9-5767-4EC4-9565-AE29A4375683}"
EndProject
Project("{9A19103F-16F7-4668-BE54-9A1E7A4F7556}") = "Aban360.ReportPool.GatewayAdhoc", "Aban360.ReportPool.GatewayAdhoc\Aban360.ReportPool.GatewayAdhoc.csproj", "{39F7BF9C-1D9A-4AB5-A803-C85A31125114}"
EndProject
Project("{9A19103F-16F7-4668-BE54-9A1E7A4F7556}") = "Aban360.ReportPool.Persistence", "Aban360.ReportPool.Persistence\Aban360.ReportPool.Persistence.csproj", "{42B81FF0-438B-43B7-B3F8-47B6631ABF39}"
EndProject
Project("{2150E333-8FDC-42A3-9474-1A3956D46DE8}") = "Source", "Source", "{31C8D083-FB68-4205-961D-A1FED5911C34}"
EndProject
Project("{2150E333-8FDC-42A3-9474-1A3956D46DE8}") = "Tests", "Tests", "{D888C938-003E-411A-934D-C61BD20A3075}"
EndProject
Project("{9A19103F-16F7-4668-BE54-9A1E7A4F7556}") = "Aban360.UserPool.Domain", "Aban360.UserPool.Domain\Aban360.UserPool.Domain.csproj", "{3C9A126A-4792-4C77-8012-C58290951313}"
EndProject
Project("{9A19103F-16F7-4668-BE54-9A1E7A4F7556}") = "Aban360.UserPool.Application", "Aban360.UserPool.Application\Aban360.UserPool.Application.csproj", "{644136B0-F323-4A1D-B442-44B35883504C}"
EndProject
Project("{9A19103F-16F7-4668-BE54-9A1E7A4F7556}") = "Aban360.UserPool.GatewayAdhoc", "Aban360.UserPool.GatewayAdhoc\Aban360.UserPool.GatewayAdhoc.csproj", "{A5DC6650-0B02-4579-85CF-D4425D6D91EF}"
EndProject
Project("{9A19103F-16F7-4668-BE54-9A1E7A4F7556}") = "Aban360.UserPool.Persistence", "Aban360.UserPool.Persistence\Aban360.UserPool.Persistence.csproj", "{EF467819-F78B-4863-B953-FAD156AA5F5C}"
EndProject
Project("{2150E333-8FDC-42A3-9474-1A3956D46DE8}") = "Source", "Source", "{96A6DEF9-283A-476F-BD87-B951F6104223}"
EndProject
Project("{2150E333-8FDC-42A3-9474-1A3956D46DE8}") = "Tests", "Tests", "{E727C3C1-2C84-418F-9784-F7665E338EE1}"
EndProject
Project("{9A19103F-16F7-4668-BE54-9A1E7A4F7556}") = "Aban360.TaxPool.Domain", "Aban360.TaxPool.Domain\Aban360.TaxPool.Domain.csproj", "{600D975B-6C94-414D-94CA-D616F9EA4A14}"
EndProject
Project("{9A19103F-16F7-4668-BE54-9A1E7A4F7556}") = "Aban360.TaxPool.Application", "Aban360.TaxPool.Application\Aban360.TaxPool.Application.csproj", "{45B76F6E-2B85-434A-94BB-00C15FF295D8}"
EndProject
Project("{9A19103F-16F7-4668-BE54-9A1E7A4F7556}") = "Aban360.TaxPool.Persistence", "Aban360.TaxPool.Persistence\Aban360.TaxPool.Persistence.csproj", "{9001169A-445F-45ED-B5C1-5540981DDE46}"
EndProject
Project("{9A19103F-16F7-4668-BE54-9A1E7A4F7556}") = "Aban360.TaxPool.GatewayAdhoc", "Aban360.TaxPool.GatewayAdhoc\Aban360.TaxPool.GatewayAdhoc.csproj", "{DD7E13AB-2227-40BA-A4B2-418DA6F62A33}"
EndProject
Project("{FAE04EC0-301F-11D3-BF4B-00C04F79EFBC}") = "Aban360.UserPool.Infrastructure", "Aban360.UserPool.Infrastructure\Aban360.UserPool.Infrastructure.csproj", "{74578F43-44A8-46BA-8377-8DBF81C31782}"
EndProject
Project("{FAE04EC0-301F-11D3-BF4B-00C04F79EFBC}") = "Aban360.Common", "Aban360.Common\Aban360.Common.csproj", "{C3FE9BE2-9D29-4A76-90A1-46448F42D509}"
EndProject
Project("{FAE04EC0-301F-11D3-BF4B-00C04F79EFBC}") = "Aban360.Api", "Aban360.Api\Aban360.Api.csproj", "{823517B9-6B38-4AD9-BDD8-FADDC243CC82}"
EndProject
Project("{2150E333-8FDC-42A3-9474-1A3956D46DE8}") = "Source", "Source", "{D0B7CD7A-FDB1-4FC3-8B88-FACB4AEA4E0B}"
EndProject
Project("{2150E333-8FDC-42A3-9474-1A3956D46DE8}") = "Tests", "Tests", "{B9BB24F3-CCFC-45E9-AA69-3DC16F0CB009}"
EndProject
Global
	GlobalSection(SolutionConfigurationPlatforms) = preSolution
		Debug|Any CPU = Debug|Any CPU
		Release|Any CPU = Release|Any CPU
	EndGlobalSection
	GlobalSection(ProjectConfigurationPlatforms) = postSolution
		{B5BD4775-699D-4318-9B54-0CFAF23AE89C}.Debug|Any CPU.ActiveCfg = Debug|Any CPU
		{B5BD4775-699D-4318-9B54-0CFAF23AE89C}.Debug|Any CPU.Build.0 = Debug|Any CPU
		{B5BD4775-699D-4318-9B54-0CFAF23AE89C}.Release|Any CPU.ActiveCfg = Release|Any CPU
		{B5BD4775-699D-4318-9B54-0CFAF23AE89C}.Release|Any CPU.Build.0 = Release|Any CPU
		{3689F252-323A-43B5-A60F-3EE68121EAAA}.Debug|Any CPU.ActiveCfg = Debug|Any CPU
		{3689F252-323A-43B5-A60F-3EE68121EAAA}.Debug|Any CPU.Build.0 = Debug|Any CPU
		{3689F252-323A-43B5-A60F-3EE68121EAAA}.Release|Any CPU.ActiveCfg = Release|Any CPU
		{3689F252-323A-43B5-A60F-3EE68121EAAA}.Release|Any CPU.Build.0 = Release|Any CPU
		{0FC4BCC6-5B4F-4F1C-8EE6-E739BA53CA4D}.Debug|Any CPU.ActiveCfg = Debug|Any CPU
		{0FC4BCC6-5B4F-4F1C-8EE6-E739BA53CA4D}.Debug|Any CPU.Build.0 = Debug|Any CPU
		{0FC4BCC6-5B4F-4F1C-8EE6-E739BA53CA4D}.Release|Any CPU.ActiveCfg = Release|Any CPU
		{0FC4BCC6-5B4F-4F1C-8EE6-E739BA53CA4D}.Release|Any CPU.Build.0 = Release|Any CPU
		{D068EBFD-E7DA-496E-835F-75E5F66669E3}.Debug|Any CPU.ActiveCfg = Debug|Any CPU
		{D068EBFD-E7DA-496E-835F-75E5F66669E3}.Debug|Any CPU.Build.0 = Debug|Any CPU
		{D068EBFD-E7DA-496E-835F-75E5F66669E3}.Release|Any CPU.ActiveCfg = Release|Any CPU
		{D068EBFD-E7DA-496E-835F-75E5F66669E3}.Release|Any CPU.Build.0 = Release|Any CPU
		{EC1A9D28-55EA-4EF5-8A4D-67FCE97E99D0}.Debug|Any CPU.ActiveCfg = Debug|Any CPU
		{EC1A9D28-55EA-4EF5-8A4D-67FCE97E99D0}.Debug|Any CPU.Build.0 = Debug|Any CPU
		{EC1A9D28-55EA-4EF5-8A4D-67FCE97E99D0}.Release|Any CPU.ActiveCfg = Release|Any CPU
		{EC1A9D28-55EA-4EF5-8A4D-67FCE97E99D0}.Release|Any CPU.Build.0 = Release|Any CPU
		{8E54D799-F477-40F3-BABE-B08DA38FD2E0}.Debug|Any CPU.ActiveCfg = Debug|Any CPU
		{8E54D799-F477-40F3-BABE-B08DA38FD2E0}.Debug|Any CPU.Build.0 = Debug|Any CPU
		{8E54D799-F477-40F3-BABE-B08DA38FD2E0}.Release|Any CPU.ActiveCfg = Release|Any CPU
		{8E54D799-F477-40F3-BABE-B08DA38FD2E0}.Release|Any CPU.Build.0 = Release|Any CPU
		{F52DF922-0EFB-4FDB-B266-9B9C9D60CB2C}.Debug|Any CPU.ActiveCfg = Debug|Any CPU
		{F52DF922-0EFB-4FDB-B266-9B9C9D60CB2C}.Debug|Any CPU.Build.0 = Debug|Any CPU
		{F52DF922-0EFB-4FDB-B266-9B9C9D60CB2C}.Release|Any CPU.ActiveCfg = Release|Any CPU
		{F52DF922-0EFB-4FDB-B266-9B9C9D60CB2C}.Release|Any CPU.Build.0 = Release|Any CPU
		{4558E6E7-1F7A-4CFF-9509-D5EFAA045663}.Debug|Any CPU.ActiveCfg = Debug|Any CPU
		{4558E6E7-1F7A-4CFF-9509-D5EFAA045663}.Debug|Any CPU.Build.0 = Debug|Any CPU
		{4558E6E7-1F7A-4CFF-9509-D5EFAA045663}.Release|Any CPU.ActiveCfg = Release|Any CPU
		{4558E6E7-1F7A-4CFF-9509-D5EFAA045663}.Release|Any CPU.Build.0 = Release|Any CPU
		{25859C65-F762-4386-9F99-139E150F1516}.Debug|Any CPU.ActiveCfg = Debug|Any CPU
		{25859C65-F762-4386-9F99-139E150F1516}.Debug|Any CPU.Build.0 = Debug|Any CPU
		{25859C65-F762-4386-9F99-139E150F1516}.Release|Any CPU.ActiveCfg = Release|Any CPU
		{25859C65-F762-4386-9F99-139E150F1516}.Release|Any CPU.Build.0 = Release|Any CPU
		{7C8B8406-119B-48B8-AA00-F58B7175D44C}.Debug|Any CPU.ActiveCfg = Debug|Any CPU
		{7C8B8406-119B-48B8-AA00-F58B7175D44C}.Debug|Any CPU.Build.0 = Debug|Any CPU
		{7C8B8406-119B-48B8-AA00-F58B7175D44C}.Release|Any CPU.ActiveCfg = Release|Any CPU
		{7C8B8406-119B-48B8-AA00-F58B7175D44C}.Release|Any CPU.Build.0 = Release|Any CPU
		{83619CE5-9450-429C-B517-5C317FADFEA1}.Debug|Any CPU.ActiveCfg = Debug|Any CPU
		{83619CE5-9450-429C-B517-5C317FADFEA1}.Debug|Any CPU.Build.0 = Debug|Any CPU
		{83619CE5-9450-429C-B517-5C317FADFEA1}.Release|Any CPU.ActiveCfg = Release|Any CPU
		{83619CE5-9450-429C-B517-5C317FADFEA1}.Release|Any CPU.Build.0 = Release|Any CPU
		{EE7197EE-2D87-41A0-BF9C-536587AB201C}.Debug|Any CPU.ActiveCfg = Debug|Any CPU
		{EE7197EE-2D87-41A0-BF9C-536587AB201C}.Debug|Any CPU.Build.0 = Debug|Any CPU
		{EE7197EE-2D87-41A0-BF9C-536587AB201C}.Release|Any CPU.ActiveCfg = Release|Any CPU
		{EE7197EE-2D87-41A0-BF9C-536587AB201C}.Release|Any CPU.Build.0 = Release|Any CPU
		{41CDC921-3AE5-4E15-BDF1-CFC9E1EF208E}.Debug|Any CPU.ActiveCfg = Debug|Any CPU
		{41CDC921-3AE5-4E15-BDF1-CFC9E1EF208E}.Debug|Any CPU.Build.0 = Debug|Any CPU
		{41CDC921-3AE5-4E15-BDF1-CFC9E1EF208E}.Release|Any CPU.ActiveCfg = Release|Any CPU
		{41CDC921-3AE5-4E15-BDF1-CFC9E1EF208E}.Release|Any CPU.Build.0 = Release|Any CPU
		{0C2DD065-D174-4FB6-9D58-54200D966E6D}.Debug|Any CPU.ActiveCfg = Debug|Any CPU
		{0C2DD065-D174-4FB6-9D58-54200D966E6D}.Debug|Any CPU.Build.0 = Debug|Any CPU
		{0C2DD065-D174-4FB6-9D58-54200D966E6D}.Release|Any CPU.ActiveCfg = Release|Any CPU
		{0C2DD065-D174-4FB6-9D58-54200D966E6D}.Release|Any CPU.Build.0 = Release|Any CPU
		{F5CA9E45-9126-4568-BA01-809CB75C72E9}.Debug|Any CPU.ActiveCfg = Debug|Any CPU
		{F5CA9E45-9126-4568-BA01-809CB75C72E9}.Debug|Any CPU.Build.0 = Debug|Any CPU
		{F5CA9E45-9126-4568-BA01-809CB75C72E9}.Release|Any CPU.ActiveCfg = Release|Any CPU
		{F5CA9E45-9126-4568-BA01-809CB75C72E9}.Release|Any CPU.Build.0 = Release|Any CPU
		{E560FB35-7BAE-4FF5-84CC-80ADA8C2E14B}.Debug|Any CPU.ActiveCfg = Debug|Any CPU
		{E560FB35-7BAE-4FF5-84CC-80ADA8C2E14B}.Debug|Any CPU.Build.0 = Debug|Any CPU
		{E560FB35-7BAE-4FF5-84CC-80ADA8C2E14B}.Release|Any CPU.ActiveCfg = Release|Any CPU
		{E560FB35-7BAE-4FF5-84CC-80ADA8C2E14B}.Release|Any CPU.Build.0 = Release|Any CPU
		{E53DC286-9A40-470F-8BA6-EA1716654174}.Debug|Any CPU.ActiveCfg = Debug|Any CPU
		{E53DC286-9A40-470F-8BA6-EA1716654174}.Debug|Any CPU.Build.0 = Debug|Any CPU
		{E53DC286-9A40-470F-8BA6-EA1716654174}.Release|Any CPU.ActiveCfg = Release|Any CPU
		{E53DC286-9A40-470F-8BA6-EA1716654174}.Release|Any CPU.Build.0 = Release|Any CPU
		{6226E379-058B-4509-9A96-285A776EA998}.Debug|Any CPU.ActiveCfg = Debug|Any CPU
		{6226E379-058B-4509-9A96-285A776EA998}.Debug|Any CPU.Build.0 = Debug|Any CPU
		{6226E379-058B-4509-9A96-285A776EA998}.Release|Any CPU.ActiveCfg = Release|Any CPU
		{6226E379-058B-4509-9A96-285A776EA998}.Release|Any CPU.Build.0 = Release|Any CPU
		{AD998924-F6E4-47B6-B499-AD6997BD6EE8}.Debug|Any CPU.ActiveCfg = Debug|Any CPU
		{AD998924-F6E4-47B6-B499-AD6997BD6EE8}.Debug|Any CPU.Build.0 = Debug|Any CPU
		{AD998924-F6E4-47B6-B499-AD6997BD6EE8}.Release|Any CPU.ActiveCfg = Release|Any CPU
		{AD998924-F6E4-47B6-B499-AD6997BD6EE8}.Release|Any CPU.Build.0 = Release|Any CPU
		{CC4A4C3E-855E-4854-99EB-5608CBB153CA}.Debug|Any CPU.ActiveCfg = Debug|Any CPU
		{CC4A4C3E-855E-4854-99EB-5608CBB153CA}.Debug|Any CPU.Build.0 = Debug|Any CPU
		{CC4A4C3E-855E-4854-99EB-5608CBB153CA}.Release|Any CPU.ActiveCfg = Release|Any CPU
		{CC4A4C3E-855E-4854-99EB-5608CBB153CA}.Release|Any CPU.Build.0 = Release|Any CPU
		{B33EEF1C-A743-4B09-91C7-11C7030B406E}.Debug|Any CPU.ActiveCfg = Debug|Any CPU
		{B33EEF1C-A743-4B09-91C7-11C7030B406E}.Debug|Any CPU.Build.0 = Debug|Any CPU
		{B33EEF1C-A743-4B09-91C7-11C7030B406E}.Release|Any CPU.ActiveCfg = Release|Any CPU
		{B33EEF1C-A743-4B09-91C7-11C7030B406E}.Release|Any CPU.Build.0 = Release|Any CPU
		{C6E475ED-C507-459A-845D-870F295259CA}.Debug|Any CPU.ActiveCfg = Debug|Any CPU
		{C6E475ED-C507-459A-845D-870F295259CA}.Debug|Any CPU.Build.0 = Debug|Any CPU
		{C6E475ED-C507-459A-845D-870F295259CA}.Release|Any CPU.ActiveCfg = Release|Any CPU
		{C6E475ED-C507-459A-845D-870F295259CA}.Release|Any CPU.Build.0 = Release|Any CPU
		{CB10796A-2D51-4E88-82C6-F222773DA1ED}.Debug|Any CPU.ActiveCfg = Debug|Any CPU
		{CB10796A-2D51-4E88-82C6-F222773DA1ED}.Debug|Any CPU.Build.0 = Debug|Any CPU
		{CB10796A-2D51-4E88-82C6-F222773DA1ED}.Release|Any CPU.ActiveCfg = Release|Any CPU
		{CB10796A-2D51-4E88-82C6-F222773DA1ED}.Release|Any CPU.Build.0 = Release|Any CPU
		{D42FBE9F-FF44-4A07-A6D6-FE32C0F3E2FB}.Debug|Any CPU.ActiveCfg = Debug|Any CPU
		{D42FBE9F-FF44-4A07-A6D6-FE32C0F3E2FB}.Debug|Any CPU.Build.0 = Debug|Any CPU
		{D42FBE9F-FF44-4A07-A6D6-FE32C0F3E2FB}.Release|Any CPU.ActiveCfg = Release|Any CPU
		{D42FBE9F-FF44-4A07-A6D6-FE32C0F3E2FB}.Release|Any CPU.Build.0 = Release|Any CPU
		{F5654428-9E11-4CCE-9CE5-3CD5E7347DE3}.Debug|Any CPU.ActiveCfg = Debug|Any CPU
		{F5654428-9E11-4CCE-9CE5-3CD5E7347DE3}.Debug|Any CPU.Build.0 = Debug|Any CPU
		{F5654428-9E11-4CCE-9CE5-3CD5E7347DE3}.Release|Any CPU.ActiveCfg = Release|Any CPU
		{F5654428-9E11-4CCE-9CE5-3CD5E7347DE3}.Release|Any CPU.Build.0 = Release|Any CPU
		{A102D4E9-5767-4EC4-9565-AE29A4375683}.Debug|Any CPU.ActiveCfg = Debug|Any CPU
		{A102D4E9-5767-4EC4-9565-AE29A4375683}.Debug|Any CPU.Build.0 = Debug|Any CPU
		{A102D4E9-5767-4EC4-9565-AE29A4375683}.Release|Any CPU.ActiveCfg = Release|Any CPU
		{A102D4E9-5767-4EC4-9565-AE29A4375683}.Release|Any CPU.Build.0 = Release|Any CPU
		{39F7BF9C-1D9A-4AB5-A803-C85A31125114}.Debug|Any CPU.ActiveCfg = Debug|Any CPU
		{39F7BF9C-1D9A-4AB5-A803-C85A31125114}.Debug|Any CPU.Build.0 = Debug|Any CPU
		{39F7BF9C-1D9A-4AB5-A803-C85A31125114}.Release|Any CPU.ActiveCfg = Release|Any CPU
		{39F7BF9C-1D9A-4AB5-A803-C85A31125114}.Release|Any CPU.Build.0 = Release|Any CPU
		{42B81FF0-438B-43B7-B3F8-47B6631ABF39}.Debug|Any CPU.ActiveCfg = Debug|Any CPU
		{42B81FF0-438B-43B7-B3F8-47B6631ABF39}.Debug|Any CPU.Build.0 = Debug|Any CPU
		{42B81FF0-438B-43B7-B3F8-47B6631ABF39}.Release|Any CPU.ActiveCfg = Release|Any CPU
		{42B81FF0-438B-43B7-B3F8-47B6631ABF39}.Release|Any CPU.Build.0 = Release|Any CPU
		{3C9A126A-4792-4C77-8012-C58290951313}.Debug|Any CPU.ActiveCfg = Debug|Any CPU
		{3C9A126A-4792-4C77-8012-C58290951313}.Debug|Any CPU.Build.0 = Debug|Any CPU
		{3C9A126A-4792-4C77-8012-C58290951313}.Release|Any CPU.ActiveCfg = Release|Any CPU
		{3C9A126A-4792-4C77-8012-C58290951313}.Release|Any CPU.Build.0 = Release|Any CPU
		{644136B0-F323-4A1D-B442-44B35883504C}.Debug|Any CPU.ActiveCfg = Debug|Any CPU
		{644136B0-F323-4A1D-B442-44B35883504C}.Debug|Any CPU.Build.0 = Debug|Any CPU
		{644136B0-F323-4A1D-B442-44B35883504C}.Release|Any CPU.ActiveCfg = Release|Any CPU
		{644136B0-F323-4A1D-B442-44B35883504C}.Release|Any CPU.Build.0 = Release|Any CPU
		{A5DC6650-0B02-4579-85CF-D4425D6D91EF}.Debug|Any CPU.ActiveCfg = Debug|Any CPU
		{A5DC6650-0B02-4579-85CF-D4425D6D91EF}.Debug|Any CPU.Build.0 = Debug|Any CPU
		{A5DC6650-0B02-4579-85CF-D4425D6D91EF}.Release|Any CPU.ActiveCfg = Release|Any CPU
		{A5DC6650-0B02-4579-85CF-D4425D6D91EF}.Release|Any CPU.Build.0 = Release|Any CPU
		{EF467819-F78B-4863-B953-FAD156AA5F5C}.Debug|Any CPU.ActiveCfg = Debug|Any CPU
		{EF467819-F78B-4863-B953-FAD156AA5F5C}.Debug|Any CPU.Build.0 = Debug|Any CPU
		{EF467819-F78B-4863-B953-FAD156AA5F5C}.Release|Any CPU.ActiveCfg = Release|Any CPU
		{EF467819-F78B-4863-B953-FAD156AA5F5C}.Release|Any CPU.Build.0 = Release|Any CPU
		{600D975B-6C94-414D-94CA-D616F9EA4A14}.Debug|Any CPU.ActiveCfg = Debug|Any CPU
		{600D975B-6C94-414D-94CA-D616F9EA4A14}.Debug|Any CPU.Build.0 = Debug|Any CPU
		{600D975B-6C94-414D-94CA-D616F9EA4A14}.Release|Any CPU.ActiveCfg = Release|Any CPU
		{600D975B-6C94-414D-94CA-D616F9EA4A14}.Release|Any CPU.Build.0 = Release|Any CPU
		{45B76F6E-2B85-434A-94BB-00C15FF295D8}.Debug|Any CPU.ActiveCfg = Debug|Any CPU
		{45B76F6E-2B85-434A-94BB-00C15FF295D8}.Debug|Any CPU.Build.0 = Debug|Any CPU
		{45B76F6E-2B85-434A-94BB-00C15FF295D8}.Release|Any CPU.ActiveCfg = Release|Any CPU
		{45B76F6E-2B85-434A-94BB-00C15FF295D8}.Release|Any CPU.Build.0 = Release|Any CPU
		{9001169A-445F-45ED-B5C1-5540981DDE46}.Debug|Any CPU.ActiveCfg = Debug|Any CPU
		{9001169A-445F-45ED-B5C1-5540981DDE46}.Debug|Any CPU.Build.0 = Debug|Any CPU
		{9001169A-445F-45ED-B5C1-5540981DDE46}.Release|Any CPU.ActiveCfg = Release|Any CPU
		{9001169A-445F-45ED-B5C1-5540981DDE46}.Release|Any CPU.Build.0 = Release|Any CPU
		{DD7E13AB-2227-40BA-A4B2-418DA6F62A33}.Debug|Any CPU.ActiveCfg = Debug|Any CPU
		{DD7E13AB-2227-40BA-A4B2-418DA6F62A33}.Debug|Any CPU.Build.0 = Debug|Any CPU
		{DD7E13AB-2227-40BA-A4B2-418DA6F62A33}.Release|Any CPU.ActiveCfg = Release|Any CPU
		{DD7E13AB-2227-40BA-A4B2-418DA6F62A33}.Release|Any CPU.Build.0 = Release|Any CPU
		{74578F43-44A8-46BA-8377-8DBF81C31782}.Debug|Any CPU.ActiveCfg = Debug|Any CPU
		{74578F43-44A8-46BA-8377-8DBF81C31782}.Debug|Any CPU.Build.0 = Debug|Any CPU
		{74578F43-44A8-46BA-8377-8DBF81C31782}.Release|Any CPU.ActiveCfg = Release|Any CPU
		{74578F43-44A8-46BA-8377-8DBF81C31782}.Release|Any CPU.Build.0 = Release|Any CPU
		{C3FE9BE2-9D29-4A76-90A1-46448F42D509}.Debug|Any CPU.ActiveCfg = Debug|Any CPU
		{C3FE9BE2-9D29-4A76-90A1-46448F42D509}.Debug|Any CPU.Build.0 = Debug|Any CPU
		{C3FE9BE2-9D29-4A76-90A1-46448F42D509}.Release|Any CPU.ActiveCfg = Release|Any CPU
		{C3FE9BE2-9D29-4A76-90A1-46448F42D509}.Release|Any CPU.Build.0 = Release|Any CPU
		{823517B9-6B38-4AD9-BDD8-FADDC243CC82}.Debug|Any CPU.ActiveCfg = Debug|Any CPU
		{823517B9-6B38-4AD9-BDD8-FADDC243CC82}.Debug|Any CPU.Build.0 = Debug|Any CPU
		{823517B9-6B38-4AD9-BDD8-FADDC243CC82}.Release|Any CPU.ActiveCfg = Release|Any CPU
		{823517B9-6B38-4AD9-BDD8-FADDC243CC82}.Release|Any CPU.Build.0 = Release|Any CPU
	EndGlobalSection
	GlobalSection(SolutionProperties) = preSolution
		HideSolutionNode = FALSE
	EndGlobalSection
	GlobalSection(NestedProjects) = preSolution
		{5FE136D0-8BA8-4D5B-95CF-9197C05C8A0A} = {61BD4FAA-395B-4F26-8FB0-4EBFF6F34B87}
		{77036B9C-5911-49EF-9D35-C1DA8D75DE2F} = {61BD4FAA-395B-4F26-8FB0-4EBFF6F34B87}
		{F8A56064-147D-41EE-8918-A386999F4C75} = {61BD4FAA-395B-4F26-8FB0-4EBFF6F34B87}
		{A6FD1319-D074-4DAF-9DDA-12CBC0603E9B} = {61BD4FAA-395B-4F26-8FB0-4EBFF6F34B87}
		{A0682AC3-0905-4A3C-BFE7-33699E67C5DA} = {61BD4FAA-395B-4F26-8FB0-4EBFF6F34B87}
		{8D90155D-D5B7-43C2-A151-7D466F5FF349} = {61BD4FAA-395B-4F26-8FB0-4EBFF6F34B87}
		{75A0ADB0-0AD5-4FC2-85DF-BEA2C5607361} = {61BD4FAA-395B-4F26-8FB0-4EBFF6F34B87}
		{C68AE836-622A-4B26-902B-542DAD3D6230} = {61BD4FAA-395B-4F26-8FB0-4EBFF6F34B87}
		{0665847D-107D-4661-A065-2F018D276688} = {61BD4FAA-395B-4F26-8FB0-4EBFF6F34B87}
		{B5BD4775-699D-4318-9B54-0CFAF23AE89C} = {0F7073D9-03CA-4CAB-B2A4-F937068E99B2}
		{3689F252-323A-43B5-A60F-3EE68121EAAA} = {0F7073D9-03CA-4CAB-B2A4-F937068E99B2}
		{0FC4BCC6-5B4F-4F1C-8EE6-E739BA53CA4D} = {0F7073D9-03CA-4CAB-B2A4-F937068E99B2}
		{D068EBFD-E7DA-496E-835F-75E5F66669E3} = {0F7073D9-03CA-4CAB-B2A4-F937068E99B2}
		{EC1A9D28-55EA-4EF5-8A4D-67FCE97E99D0} = {76556AED-843B-40CC-8032-60B5EC3B86DE}
		{8E54D799-F477-40F3-BABE-B08DA38FD2E0} = {76556AED-843B-40CC-8032-60B5EC3B86DE}
		{F52DF922-0EFB-4FDB-B266-9B9C9D60CB2C} = {76556AED-843B-40CC-8032-60B5EC3B86DE}
		{4558E6E7-1F7A-4CFF-9509-D5EFAA045663} = {76556AED-843B-40CC-8032-60B5EC3B86DE}
		{76556AED-843B-40CC-8032-60B5EC3B86DE} = {77036B9C-5911-49EF-9D35-C1DA8D75DE2F}
		{77F14E74-C2CB-40DD-88CF-1543A36EBD0F} = {77036B9C-5911-49EF-9D35-C1DA8D75DE2F}
		{0F7073D9-03CA-4CAB-B2A4-F937068E99B2} = {A6FD1319-D074-4DAF-9DDA-12CBC0603E9B}
		{A450ABF6-3EE9-44E3-8FC0-8F424A890819} = {A6FD1319-D074-4DAF-9DDA-12CBC0603E9B}
		{25859C65-F762-4386-9F99-139E150F1516} = {E2844A2F-FDA5-47C1-B72A-462647B65894}
		{7C8B8406-119B-48B8-AA00-F58B7175D44C} = {E2844A2F-FDA5-47C1-B72A-462647B65894}
		{83619CE5-9450-429C-B517-5C317FADFEA1} = {E2844A2F-FDA5-47C1-B72A-462647B65894}
		{EE7197EE-2D87-41A0-BF9C-536587AB201C} = {E2844A2F-FDA5-47C1-B72A-462647B65894}
		{E2844A2F-FDA5-47C1-B72A-462647B65894} = {A0682AC3-0905-4A3C-BFE7-33699E67C5DA}
		{95036DF4-0DA8-453C-856B-D0855F7DFB7F} = {A0682AC3-0905-4A3C-BFE7-33699E67C5DA}
		{D86944E2-F440-4EA6-8DAB-D5829ACFE42E} = {F8A56064-147D-41EE-8918-A386999F4C75}
		{751B5339-8F35-4D43-B8CD-929EFD9B6D1F} = {F8A56064-147D-41EE-8918-A386999F4C75}
		{41CDC921-3AE5-4E15-BDF1-CFC9E1EF208E} = {D86944E2-F440-4EA6-8DAB-D5829ACFE42E}
		{0C2DD065-D174-4FB6-9D58-54200D966E6D} = {D86944E2-F440-4EA6-8DAB-D5829ACFE42E}
		{F5CA9E45-9126-4568-BA01-809CB75C72E9} = {D86944E2-F440-4EA6-8DAB-D5829ACFE42E}
		{E560FB35-7BAE-4FF5-84CC-80ADA8C2E14B} = {D86944E2-F440-4EA6-8DAB-D5829ACFE42E}
		{AF8A8C01-B0DF-44B1-8CA9-E146C8245EF8} = {C68AE836-622A-4B26-902B-542DAD3D6230}
		{CB222D47-E8F6-4C36-B7DA-8398D668DFC2} = {C68AE836-622A-4B26-902B-542DAD3D6230}
		{E53DC286-9A40-470F-8BA6-EA1716654174} = {AF8A8C01-B0DF-44B1-8CA9-E146C8245EF8}
		{6226E379-058B-4509-9A96-285A776EA998} = {AF8A8C01-B0DF-44B1-8CA9-E146C8245EF8}
		{AD998924-F6E4-47B6-B499-AD6997BD6EE8} = {AF8A8C01-B0DF-44B1-8CA9-E146C8245EF8}
		{CC4A4C3E-855E-4854-99EB-5608CBB153CA} = {AF8A8C01-B0DF-44B1-8CA9-E146C8245EF8}
		{40D9BE4D-CAB7-4BA9-8321-B6B4DC7C5E13} = {8D90155D-D5B7-43C2-A151-7D466F5FF349}
		{ECE66208-72B8-4E50-B0C9-F163DD8EB62B} = {8D90155D-D5B7-43C2-A151-7D466F5FF349}
		{B33EEF1C-A743-4B09-91C7-11C7030B406E} = {40D9BE4D-CAB7-4BA9-8321-B6B4DC7C5E13}
		{C6E475ED-C507-459A-845D-870F295259CA} = {40D9BE4D-CAB7-4BA9-8321-B6B4DC7C5E13}
		{CB10796A-2D51-4E88-82C6-F222773DA1ED} = {40D9BE4D-CAB7-4BA9-8321-B6B4DC7C5E13}
		{D42FBE9F-FF44-4A07-A6D6-FE32C0F3E2FB} = {40D9BE4D-CAB7-4BA9-8321-B6B4DC7C5E13}
		{7A69098B-0C9D-4D04-87BC-4A0231BB71EF} = {0665847D-107D-4661-A065-2F018D276688}
		{F4036726-616F-4482-A4D5-E66B8CBDF97A} = {0665847D-107D-4661-A065-2F018D276688}
		{F5654428-9E11-4CCE-9CE5-3CD5E7347DE3} = {7A69098B-0C9D-4D04-87BC-4A0231BB71EF}
		{A102D4E9-5767-4EC4-9565-AE29A4375683} = {7A69098B-0C9D-4D04-87BC-4A0231BB71EF}
		{39F7BF9C-1D9A-4AB5-A803-C85A31125114} = {7A69098B-0C9D-4D04-87BC-4A0231BB71EF}
		{42B81FF0-438B-43B7-B3F8-47B6631ABF39} = {7A69098B-0C9D-4D04-87BC-4A0231BB71EF}
		{31C8D083-FB68-4205-961D-A1FED5911C34} = {5FE136D0-8BA8-4D5B-95CF-9197C05C8A0A}
		{D888C938-003E-411A-934D-C61BD20A3075} = {5FE136D0-8BA8-4D5B-95CF-9197C05C8A0A}
		{3C9A126A-4792-4C77-8012-C58290951313} = {31C8D083-FB68-4205-961D-A1FED5911C34}
		{644136B0-F323-4A1D-B442-44B35883504C} = {31C8D083-FB68-4205-961D-A1FED5911C34}
		{A5DC6650-0B02-4579-85CF-D4425D6D91EF} = {31C8D083-FB68-4205-961D-A1FED5911C34}
		{EF467819-F78B-4863-B953-FAD156AA5F5C} = {31C8D083-FB68-4205-961D-A1FED5911C34}
		{96A6DEF9-283A-476F-BD87-B951F6104223} = {75A0ADB0-0AD5-4FC2-85DF-BEA2C5607361}
		{E727C3C1-2C84-418F-9784-F7665E338EE1} = {75A0ADB0-0AD5-4FC2-85DF-BEA2C5607361}
		{600D975B-6C94-414D-94CA-D616F9EA4A14} = {96A6DEF9-283A-476F-BD87-B951F6104223}
		{45B76F6E-2B85-434A-94BB-00C15FF295D8} = {96A6DEF9-283A-476F-BD87-B951F6104223}
		{9001169A-445F-45ED-B5C1-5540981DDE46} = {96A6DEF9-283A-476F-BD87-B951F6104223}
		{DD7E13AB-2227-40BA-A4B2-418DA6F62A33} = {96A6DEF9-283A-476F-BD87-B951F6104223}
		{74578F43-44A8-46BA-8377-8DBF81C31782} = {31C8D083-FB68-4205-961D-A1FED5911C34}
		{C3FE9BE2-9D29-4A76-90A1-46448F42D509} = {E06AE18D-3DBD-4B3B-A7B6-F4A3B451C8AD}
		{823517B9-6B38-4AD9-BDD8-FADDC243CC82} = {D0B7CD7A-FDB1-4FC3-8B88-FACB4AEA4E0B}
		{D0B7CD7A-FDB1-4FC3-8B88-FACB4AEA4E0B} = {03679720-5509-4747-BF35-324936EBC717}
		{B9BB24F3-CCFC-45E9-AA69-3DC16F0CB009} = {03679720-5509-4747-BF35-324936EBC717}
	EndGlobalSection
	GlobalSection(ExtensibilityGlobals) = postSolution
		SolutionGuid = {C0F258BB-DDA6-4E35-A9D0-53DD876EE11C}
	EndGlobalSection
EndGlobal
